# cms-platform lock — the platform release this site is pinned to.
# Bumped by the platform-bump workflow, which moves this file, the theme gem
# and every uses:@ pin as one atomic PR; Dependabot is set to ignore the gem
# (see .github/dependabot.yml). See the platform's docs/SYNC.md.
platform_repo: Adam-S-Daniel/cms-platform
platform_ref: v0.1.81
