{
  "registry": "Adam-S-Daniel/adam-agentskills",
  "ref": "b0a1b0d0826b18a0ca6e58a8fc4223437a9e593d",
  "bundles": [
    "adam-anything-anywhere",
    "adam-coding-anywhere"
  ],
  "sources": [
    {
      "registry": "Adam-S-Daniel/cms-platform",
      "ref": "0ba7e28bbf9e2a25635c4f245ea38d2f9c711587",
      "bundles": [
        "cms-platform"
      ],
      "layout": "skills"
    }
  ],
  "skills": {
    "adam-anything-anywhere/finding-unknowns": "sha256:a67b7663b5b44d07cfddeb923ce19f3cf79447e052658a69cf7fcb985fc0130d",
    "adam-anything-anywhere/writing-adrs": "sha256:4e9a4b9472bd3d92501bf0d7f882544ba66e8b03aa48bac7fa1689c45d903820",
    "adam-coding-anywhere/debug-github-workflows": "sha256:e2694c8c35223c6bf8eb0691fa99766a5ee4665ec33c0bbb73c4503697c29ff3",
    "adam-coding-anywhere/disarm-inherited-reach": "sha256:3e355e35d7012c34d475711e8b438bfc5075deb92982b7561e1f9bb40054b893",
    "adam-coding-anywhere/github-actions-repo-settings": "sha256:baf18eb537be1b3587dd9b49d58a4e5c0bc5d70d33047b03ea05d2b20d67ed2f",
    "adam-coding-anywhere/review-bash-ci-reliability": "sha256:df5ec0ca21602933fec981af7bbd6d8d668a9bb4f463cde44677843d5dc1e880",
    "adam-coding-anywhere/skills-doctor": "sha256:b0cdd12ecd4757208ad2070535dbfe74d127f47e2ed7815245fada910aa12d5a",
    "adam-coding-anywhere/vendor-release-impact-issues": "sha256:b7bc6f17c002a05b5c5c517ddf598c717820ef808d5d240a5e8e9d6e68a7c426",
    "adam-coding-anywhere/workflow-path-audit": "sha256:8a7c57bcd890bbab38c42473d8705f0b2521954385f03bf5289e3ec84d3fcdde",
    "cms-platform/admin-config-render": "sha256:6173d9d6abcb4273473d69b1c11390ef2584bf8fd2f6090838d533cf6cf6289c",
    "cms-platform/aws-bootstrap": "sha256:c4812b588edf3b500a9b3f227337a12799917140e2fa705f166b5b6c6f771e66",
    "cms-platform/browser-testing": "sha256:a2cbba9ae144f5f37dd93093cc179cdb5f310d5cf62d623a5e69d51797e5f35b",
    "cms-platform/ci-watcher-loops": "sha256:3e5cfc19cc3c79c7f6daee8b3c93163bae464e981aa2d04de342c65a428107a9",
    "cms-platform/cms-stuck-pr-triage": "sha256:52df1e52adba47db4c945bba1becbe24251a4fc691679986339df410f8a514f5",
    "cms-platform/code-quality": "sha256:18d829538c86db140e4eaaf5162c30874703889b836af10cd36391d1c6b3a3fa",
    "cms-platform/consumer-repo-provisioning": "sha256:dc74acef91d5072770ba19bbfd7f85ee851b36e6bfbe1222b5a01b3674193331",
    "cms-platform/editorial-label-audit": "sha256:0c3874fdf6fe48ded41355e082e3abe28ae12ed5d86cf613772c63e0d3cddb36",
    "cms-platform/github-actions-sha-pinning": "sha256:b005569583970e12b15c95189ef765f8a2fda7516599cdcf06b84191ed9a08bb",
    "cms-platform/platform-release-and-bump": "sha256:7bf086d08bae3d98f9c66eb9795356884f9b28ee05a8fe32b13da99b306e0cd0",
    "cms-platform/post-failure-comment": "sha256:5d5d48f5dad5f2a8965d8bfd0ba15661703052666fcf4dd97581dbc78f463252",
    "cms-platform/preview-environments": "sha256:5813f019692dded322af86f18235a6089c91ae0c0bb63101b3eb56bbe3b1bbec",
    "cms-platform/sveltia-cms-playwright-demo": "sha256:5b478d7bf5623a30513b118bf3ff478334d810691021a8dfa6fe0122b6bff1e4",
    "cms-platform/test-canary": "sha256:de3b6afc478c29fd4ddf17358ab6a540168fc8cd7c99e70cf62358a3d2b7b19f"
  },
  "generated_from": "b0a1b0d0826b18a0ca6e58a8fc4223437a9e593d"
}
