{
  "registry": "Adam-S-Daniel/adam-agentskills",
  "ref": "b0a1b0d0826b18a0ca6e58a8fc4223437a9e593d",
  "bundles": [
    "adam-anything-anywhere",
    "adam-coding-anywhere"
  ],
  "sources": [
    {
      "registry": "Adam-S-Daniel/cms-platform",
      "ref": "fffc5db3ac2715edd97a1c15f484d70cd4df255c",
      "bundles": [
        "cms-platform"
      ],
      "layout": "skills"
    }
  ],
  "skills": {
    "adam-anything-anywhere/finding-unknowns": "sha256:a67b7663b5b44d07cfddeb923ce19f3cf79447e052658a69cf7fcb985fc0130d",
    "adam-anything-anywhere/writing-adrs": "sha256:4e9a4b9472bd3d92501bf0d7f882544ba66e8b03aa48bac7fa1689c45d903820",
    "adam-coding-anywhere/debug-github-workflows": "sha256:e2694c8c35223c6bf8eb0691fa99766a5ee4665ec33c0bbb73c4503697c29ff3",
    "adam-coding-anywhere/disarm-inherited-reach": "sha256:3e355e35d7012c34d475711e8b438bfc5075deb92982b7561e1f9bb40054b893",
    "adam-coding-anywhere/github-actions-repo-settings": "sha256:baf18eb537be1b3587dd9b49d58a4e5c0bc5d70d33047b03ea05d2b20d67ed2f",
    "adam-coding-anywhere/review-bash-ci-reliability": "sha256:df5ec0ca21602933fec981af7bbd6d8d668a9bb4f463cde44677843d5dc1e880",
    "adam-coding-anywhere/skills-doctor": "sha256:b0cdd12ecd4757208ad2070535dbfe74d127f47e2ed7815245fada910aa12d5a",
    "adam-coding-anywhere/vendor-release-impact-issues": "sha256:b7bc6f17c002a05b5c5c517ddf598c717820ef808d5d240a5e8e9d6e68a7c426",
    "adam-coding-anywhere/workflow-path-audit": "sha256:8a7c57bcd890bbab38c42473d8705f0b2521954385f03bf5289e3ec84d3fcdde",
    "cms-platform/admin-config-render": "sha256:6173d9d6abcb4273473d69b1c11390ef2584bf8fd2f6090838d533cf6cf6289c",
    "cms-platform/aws-bootstrap": "sha256:fcdbbcef7120b9f68c393a7fdcad1c35394c0ca172e2c0d0e8b640895f974d1f",
    "cms-platform/browser-testing": "sha256:30aef71ffeb1093e6a39869d72308e17b898aa6fb042edb833cb9806ec36d9e1",
    "cms-platform/ci-watcher-loops": "sha256:e616f73d08207f15dcaf5bcb3830eb380eb90334f35fb04644fddbe50df5d0fe",
    "cms-platform/cms-stuck-pr-triage": "sha256:b4423b31c1dd5821bacd600dab1371c660e0d1b357adf678b79b96824451bc63",
    "cms-platform/code-quality": "sha256:d4eaf3d0ed7c910ed8f54791a93640a27c80af6f25630ebd4d0be2f3ed1069f3",
    "cms-platform/consumer-repo-provisioning": "sha256:c4dd947ccdb3683fe748d0ae0929805434557474d59b50bc5fb2e6f4cc568aa4",
    "cms-platform/editorial-label-audit": "sha256:0c3874fdf6fe48ded41355e082e3abe28ae12ed5d86cf613772c63e0d3cddb36",
    "cms-platform/github-actions-sha-pinning": "sha256:e447f2bf233d4f216ac80e79235fa1a12f727d32c1829fae0e209bbc4c5c80bf",
    "cms-platform/platform-release-and-bump": "sha256:5b0cf47fa11184f5cbf4362d9d1942c73a906072871d2f2afcd99d8944dda578",
    "cms-platform/post-failure-comment": "sha256:5d5d48f5dad5f2a8965d8bfd0ba15661703052666fcf4dd97581dbc78f463252",
    "cms-platform/preview-environments": "sha256:5813f019692dded322af86f18235a6089c91ae0c0bb63101b3eb56bbe3b1bbec",
    "cms-platform/sveltia-cms-playwright-demo": "sha256:5b478d7bf5623a30513b118bf3ff478334d810691021a8dfa6fe0122b6bff1e4",
    "cms-platform/test-canary": "sha256:64ba15f83a5b491596982db7022d665bfc1c849eaeef62252f1cc5b346caba61"
  },
  "generated_from": "b0a1b0d0826b18a0ca6e58a8fc4223437a9e593d"
}
